github.com/JonAtDalyProduction/go-env-loader v1.1.0 h1:6drIRX8aWYsxWIN3kOe1LGibX4FDnXBllZjeWVxEgWM=
github.com/JonAtDalyProduction/go-env-loader v1.1.0/go.mod h1:bo3D3PvShQTFn1rZh/fVfK4l4d6S/Gfk+hiKgiw0jjw=
github.com/JonAtDalyProduction/go-env-loader v1.1.1 h1:gJobySOZuqCYXBI0Ro7KowKB0/TKsk8mY+QA/Rz/wLg=
github.com/JonAtDalyProduction/go-env-loader v1.1.1/go.mod h1:bo3D3PvShQTFn1rZh/fVfK4l4d6S/Gfk+hiKgiw0jjw=
